
Microsoft Visual Studio Solution File, Format Version 12.00
# Visual Studio Express 2013 for Windows Desktop
VisualStudioVersion = 12.0.30723.0
MinimumVisualStudioVersion = 10.0.40219.1
Project("{FAE04EC0-301F-11D3-BF4B-00C04F79EFBC}") = "Gamification", "Gamification\Gamification.csproj", "{AA9B6022-C456-45BB-845E-46B4B9761860}"
EndProject
Project("{FAE04EC0-301F-11D3-BF4B-00C04F79EFBC}") = "Extension", "Extension\Extension.csproj", "{244B5308-E529-442C-87C3-60BAFC961372}"
EndProject
Project("{FAE04EC0-301F-11D3-BF4B-00C04F79EFBC}") = "SVNExtension", "SVNExtension\SVNExtension.csproj", "{52864A8F-C25F-408C-80EC-21D779860C58}"
EndProject
Project("{FAE04EC0-301F-11D3-BF4B-00C04F79EFBC}") = "DatabaseAccess", "DatabaseAccess\DatabaseAccess.csproj", "{E77F2BA0-38C1-4698-95C8-E9A106526E07}"
EndProject
Project("{FAE04EC0-301F-11D3-BF4B-00C04F79EFBC}") = "SVNExtension.UnitTest", "SVNExtension.UnitTest\SVNExtension.UnitTest.csproj", "{02570B2C-363B-4CFF-B74E-1D31B2CC7423}"
EndProject
Project("{FAE04EC0-301F-11D3-BF4B-00C04F79EFBC}") = "LanguageExtension", "LanguageExtension\LanguageExtension.csproj", "{F13200D8-82D5-4FAE-AFD3-68C24B11622F}"
EndProject
Project("{FAE04EC0-301F-11D3-BF4B-00C04F79EFBC}") = "LanguageExtension.Tests", "LanguageExtension.Tests\LanguageExtension.Tests.csproj", "{559CE0BA-94D6-4127-B7B4-DC5CD48C68D4}"
EndProject
Project("{FAE04EC0-301F-11D3-BF4B-00C04F79EFBC}") = "Extension.Test", "Extension.Test\Extension.Test.csproj", "{74712F05-AEF9-49F0-815A-59D3607C81A7}"
EndProject
Global
	GlobalSection(SolutionConfigurationPlatforms) = preSolution
		Debug|Any CPU = Debug|Any CPU
		Debug|x64 = Debug|x64
		Debug|x86 = Debug|x86
		Release|Any CPU = Release|Any CPU
		Release|x64 = Release|x64
		Release|x86 = Release|x86
	EndGlobalSection
	GlobalSection(ProjectConfigurationPlatforms) = postSolution
		{AA9B6022-C456-45BB-845E-46B4B9761860}.Debug|Any CPU.ActiveCfg = Debug|Any CPU
		{AA9B6022-C456-45BB-845E-46B4B9761860}.Debug|Any CPU.Build.0 = Debug|Any CPU
		{AA9B6022-C456-45BB-845E-46B4B9761860}.Debug|x64.ActiveCfg = Debug|x64
		{AA9B6022-C456-45BB-845E-46B4B9761860}.Debug|x86.ActiveCfg = Debug|x86
		{AA9B6022-C456-45BB-845E-46B4B9761860}.Debug|x86.Build.0 = Debug|x86
		{AA9B6022-C456-45BB-845E-46B4B9761860}.Release|Any CPU.ActiveCfg = Release|Any CPU
		{AA9B6022-C456-45BB-845E-46B4B9761860}.Release|Any CPU.Build.0 = Release|Any CPU
		{AA9B6022-C456-45BB-845E-46B4B9761860}.Release|x64.ActiveCfg = Release|Any CPU
		{AA9B6022-C456-45BB-845E-46B4B9761860}.Release|x86.ActiveCfg = Release|x86
		{AA9B6022-C456-45BB-845E-46B4B9761860}.Release|x86.Build.0 = Release|x86
		{244B5308-E529-442C-87C3-60BAFC961372}.Debug|Any CPU.ActiveCfg = Debug|Any CPU
		{244B5308-E529-442C-87C3-60BAFC961372}.Debug|Any CPU.Build.0 = Debug|Any CPU
		{244B5308-E529-442C-87C3-60BAFC961372}.Debug|x64.ActiveCfg = Debug|x64
		{244B5308-E529-442C-87C3-60BAFC961372}.Debug|x86.ActiveCfg = Debug|x86
		{244B5308-E529-442C-87C3-60BAFC961372}.Debug|x86.Build.0 = Debug|x86
		{244B5308-E529-442C-87C3-60BAFC961372}.Release|Any CPU.ActiveCfg = Release|Any CPU
		{244B5308-E529-442C-87C3-60BAFC961372}.Release|Any CPU.Build.0 = Release|Any CPU
		{244B5308-E529-442C-87C3-60BAFC961372}.Release|x64.ActiveCfg = Release|x64
		{244B5308-E529-442C-87C3-60BAFC961372}.Release|x64.Build.0 = Release|x64
		{244B5308-E529-442C-87C3-60BAFC961372}.Release|x86.ActiveCfg = Release|x86
		{244B5308-E529-442C-87C3-60BAFC961372}.Release|x86.Build.0 = Release|x86
		{52864A8F-C25F-408C-80EC-21D779860C58}.Debug|Any CPU.ActiveCfg = Debug|Any CPU
		{52864A8F-C25F-408C-80EC-21D779860C58}.Debug|Any CPU.Build.0 = Debug|Any CPU
		{52864A8F-C25F-408C-80EC-21D779860C58}.Debug|x64.ActiveCfg = Debug|x64
		{52864A8F-C25F-408C-80EC-21D779860C58}.Debug|x86.ActiveCfg = Debug|x86
		{52864A8F-C25F-408C-80EC-21D779860C58}.Debug|x86.Build.0 = Debug|x86
		{52864A8F-C25F-408C-80EC-21D779860C58}.Release|Any CPU.ActiveCfg = Release|Any CPU
		{52864A8F-C25F-408C-80EC-21D779860C58}.Release|Any CPU.Build.0 = Release|Any CPU
		{52864A8F-C25F-408C-80EC-21D779860C58}.Release|x64.ActiveCfg = Release|Any CPU
		{52864A8F-C25F-408C-80EC-21D779860C58}.Release|x86.ActiveCfg = Release|x86
		{52864A8F-C25F-408C-80EC-21D779860C58}.Release|x86.Build.0 = Release|x86
		{E77F2BA0-38C1-4698-95C8-E9A106526E07}.Debug|Any CPU.ActiveCfg = Debug|Any CPU
		{E77F2BA0-38C1-4698-95C8-E9A106526E07}.Debug|Any CPU.Build.0 = Debug|Any CPU
		{E77F2BA0-38C1-4698-95C8-E9A106526E07}.Debug|x64.ActiveCfg = Debug|x64
		{E77F2BA0-38C1-4698-95C8-E9A106526E07}.Debug|x64.Build.0 = Debug|x64
		{E77F2BA0-38C1-4698-95C8-E9A106526E07}.Debug|x86.ActiveCfg = Debug|x86
		{E77F2BA0-38C1-4698-95C8-E9A106526E07}.Debug|x86.Build.0 = Debug|x86
		{E77F2BA0-38C1-4698-95C8-E9A106526E07}.Release|Any CPU.ActiveCfg = Release|Any CPU
		{E77F2BA0-38C1-4698-95C8-E9A106526E07}.Release|Any CPU.Build.0 = Release|Any CPU
		{E77F2BA0-38C1-4698-95C8-E9A106526E07}.Release|x64.ActiveCfg = Release|x64
		{E77F2BA0-38C1-4698-95C8-E9A106526E07}.Release|x64.Build.0 = Release|x64
		{E77F2BA0-38C1-4698-95C8-E9A106526E07}.Release|x86.ActiveCfg = Release|x86
		{E77F2BA0-38C1-4698-95C8-E9A106526E07}.Release|x86.Build.0 = Release|x86
		{02570B2C-363B-4CFF-B74E-1D31B2CC7423}.Debug|Any CPU.ActiveCfg = Debug|Any CPU
		{02570B2C-363B-4CFF-B74E-1D31B2CC7423}.Debug|Any CPU.Build.0 = Debug|Any CPU
		{02570B2C-363B-4CFF-B74E-1D31B2CC7423}.Debug|x64.ActiveCfg = Debug|x64
		{02570B2C-363B-4CFF-B74E-1D31B2CC7423}.Debug|x86.ActiveCfg = Debug|x86
		{02570B2C-363B-4CFF-B74E-1D31B2CC7423}.Debug|x86.Build.0 = Debug|x86
		{02570B2C-363B-4CFF-B74E-1D31B2CC7423}.Release|Any CPU.ActiveCfg = Release|Any CPU
		{02570B2C-363B-4CFF-B74E-1D31B2CC7423}.Release|Any CPU.Build.0 = Release|Any CPU
		{02570B2C-363B-4CFF-B74E-1D31B2CC7423}.Release|x64.ActiveCfg = Release|x64
		{02570B2C-363B-4CFF-B74E-1D31B2CC7423}.Release|x64.Build.0 = Release|x64
		{02570B2C-363B-4CFF-B74E-1D31B2CC7423}.Release|x86.ActiveCfg = Release|x86
		{02570B2C-363B-4CFF-B74E-1D31B2CC7423}.Release|x86.Build.0 = Release|x86
		{F13200D8-82D5-4FAE-AFD3-68C24B11622F}.Debug|Any CPU.ActiveCfg = Debug|Any CPU
		{F13200D8-82D5-4FAE-AFD3-68C24B11622F}.Debug|Any CPU.Build.0 = Debug|Any CPU
		{F13200D8-82D5-4FAE-AFD3-68C24B11622F}.Debug|x64.ActiveCfg = Debug|x64
		{F13200D8-82D5-4FAE-AFD3-68C24B11622F}.Debug|x86.ActiveCfg = Debug|x86
		{F13200D8-82D5-4FAE-AFD3-68C24B11622F}.Debug|x86.Build.0 = Debug|x86
		{F13200D8-82D5-4FAE-AFD3-68C24B11622F}.Release|Any CPU.ActiveCfg = Release|Any CPU
		{F13200D8-82D5-4FAE-AFD3-68C24B11622F}.Release|Any CPU.Build.0 = Release|Any CPU
		{F13200D8-82D5-4FAE-AFD3-68C24B11622F}.Release|x64.ActiveCfg = Release|Any CPU
		{F13200D8-82D5-4FAE-AFD3-68C24B11622F}.Release|x86.ActiveCfg = Release|x86
		{F13200D8-82D5-4FAE-AFD3-68C24B11622F}.Release|x86.Build.0 = Release|x86
		{559CE0BA-94D6-4127-B7B4-DC5CD48C68D4}.Debug|Any CPU.ActiveCfg = Debug|Any CPU
		{559CE0BA-94D6-4127-B7B4-DC5CD48C68D4}.Debug|Any CPU.Build.0 = Debug|Any CPU
		{559CE0BA-94D6-4127-B7B4-DC5CD48C68D4}.Debug|x64.ActiveCfg = Debug|x64
		{559CE0BA-94D6-4127-B7B4-DC5CD48C68D4}.Debug|x86.ActiveCfg = Debug|x86
		{559CE0BA-94D6-4127-B7B4-DC5CD48C68D4}.Debug|x86.Build.0 = Debug|x86
		{559CE0BA-94D6-4127-B7B4-DC5CD48C68D4}.Release|Any CPU.ActiveCfg = Release|Any CPU
		{559CE0BA-94D6-4127-B7B4-DC5CD48C68D4}.Release|Any CPU.Build.0 = Release|Any CPU
		{559CE0BA-94D6-4127-B7B4-DC5CD48C68D4}.Release|x64.ActiveCfg = Release|Any CPU
		{559CE0BA-94D6-4127-B7B4-DC5CD48C68D4}.Release|x86.ActiveCfg = Release|x86
		{559CE0BA-94D6-4127-B7B4-DC5CD48C68D4}.Release|x86.Build.0 = Release|x86
		{74712F05-AEF9-49F0-815A-59D3607C81A7}.Debug|Any CPU.ActiveCfg = Debug|Any CPU
		{74712F05-AEF9-49F0-815A-59D3607C81A7}.Debug|Any CPU.Build.0 = Debug|Any CPU
		{74712F05-AEF9-49F0-815A-59D3607C81A7}.Debug|x64.ActiveCfg = Debug|Any CPU
		{74712F05-AEF9-49F0-815A-59D3607C81A7}.Debug|x86.ActiveCfg = Debug|Any CPU
		{74712F05-AEF9-49F0-815A-59D3607C81A7}.Release|Any CPU.ActiveCfg = Release|Any CPU
		{74712F05-AEF9-49F0-815A-59D3607C81A7}.Release|Any CPU.Build.0 = Release|Any CPU
		{74712F05-AEF9-49F0-815A-59D3607C81A7}.Release|x64.ActiveCfg = Release|Any CPU
		{74712F05-AEF9-49F0-815A-59D3607C81A7}.Release|x86.ActiveCfg = Release|Any CPU
	EndGlobalSection
	GlobalSection(SolutionProperties) = preSolution
		HideSolutionNode = FALSE
	EndGlobalSection
EndGlobal
